{
  "originHash" : "8885162847ba0db391b7342de668825c91b4a097c3417489bf4e72d592d42383",
  "pins" : [
    {
      "identity" : "fluidaudio",
      "kind" : "remoteSourceControl",
      "location" : "https://github.com/FluidInference/FluidAudio.git",
      "state" : {
        "revision" : "4dbf4f9f9a5ff3a53ade848d7ba4e3df13db859b",
        "version" : "0.15.6"
      }
    }
  ],
  "version" : 3
}
